{
    "_meta": {
        "hash": {
            "sha256": "43ed08d71e45c01589661132afe69997b55308a3230acc18d207fb6b4d52c622"
        },
        "pipfile-spec": 6,
        "requires": {
            "python_version": "3.9"
        },
        "sources": [
            {
                "name": "pypi",
                "url": "https://pypi.org/simple",
                "verify_ssl": true
            }
        ]
    },
    "default": {
        "fuzzywuzzy": {
            "hashes": [
                "sha256:45016e92264780e58972dca1b3d939ac864b78437422beecebb3095f8efd00e8",
                "sha256:928244b28db720d1e0ee7587acf660ea49d7e4c632569cad4f1cd7e68a5f0993"
            ],
            "index": "pypi",
            "version": "==0.18.0"
        },
        "prettytable": {
            "hashes": [
                "sha256:b186f1db9c9377cb552cfa95a3b7a0feab6ec55d7cad7e0763bdcbea1e8f4687",
                "sha256:bd81678c108e6c73d4f1e47cd4283de301faaa6ff6220bcd1d4022038c56b416"
            ],
            "index": "pypi",
            "version": "==2.2.0"
        },
        "wcwidth": {
            "hashes": [
                "sha256:beb4802a9cebb9144e99086eff703a642a13d6a0052920003a230f3294bbe784",
                "sha256:c4d647b99872929fdb7bdcaa4fbe7f01413ed3d98077df798530e5b04f116c83"
            ],
            "index": "pypi",
            "version": "==0.2.5"
        }
    },
    "develop": {}
}
